// !$*UTF8*$!
{
	archiveVersion = 1;
	classes = {
	};
	objectVersion = 46;
	objects = {

/* Begin PBXBuildFile section */
		C00771AB1E41011300BB5D47 /* FinalRegisterTableViewController.swift in Sources */ = {isa = PBXBuildFile; fileRef = C00771AA1E41011300BB5D47 /* FinalRegisterTableViewController.swift */; };
		C00771AD1E4105F000BB5D47 /* LastNameRegistrationTableViewController.swift in Sources */ = {isa = PBXBuildFile; fileRef = C00771AC1E4105F000BB5D47 /* LastNameRegistrationTableViewController.swift */; };
		C00771B11E410D1800BB5D47 /* UIRegistration.swift in Sources */ = {isa = PBXBuildFile; fileRef = C00771B01E410D1800BB5D47 /* UIRegistration.swift */; };
		C00F87861E41EFBA0082E28E /* PhoneRegistrationTableViewController.swift in Sources */ = {isa = PBXBuildFile; fileRef = C00F87851E41EFBA0082E28E /* PhoneRegistrationTableViewController.swift */; };
		C00F87881E41EFDF0082E28E /* UsernameRegistrationTableViewController.swift in Sources */ = {isa = PBXBuildFile; fileRef = C00F87871E41EFDF0082E28E /* UsernameRegistrationTableViewController.swift */; };
		C00F878A1E41EFFB0082E28E /* PasswordRegistrationTableViewController.swift in Sources */ = {isa = PBXBuildFile; fileRef = C00F87891E41EFFB0082E28E /* PasswordRegistrationTableViewController.swift */; };
		C00F878C1E41F1FA0082E28E /* EmailRegistrationTableViewController.swift in Sources */ = {isa = PBXBuildFile; fileRef = C00F878B1E41F1FA0082E28E /* EmailRegistrationTableViewController.swift */; };
		C00F878E1E41F3C30082E28E /* DbClasses.swift in Sources */ = {isa = PBXBuildFile; fileRef = C00F878D1E41F3C30082E28E /* DbClasses.swift */; };
		C02169E31E3E2F6300BCA625 /* AppDelegate.swift in Sources */ = {isa = PBXBuildFile; fileRef = C02169E21E3E2F6300BCA625 /* AppDelegate.swift */; };
		C02169EA1E3E2F6400BCA625 /* Assets.xcassets in Resources */ = {isa = PBXBuildFile; fileRef = C02169E91E3E2F6400BCA625 /* Assets.xcassets */; };
		C02169F51E3E33BE00BCA625 /* CustomTabBarController.swift in Sources */ = {isa = PBXBuildFile; fileRef = C02169F41E3E33BE00BCA625 /* CustomTabBarController.swift */; };
		C02169F71E3E374C00BCA625 /* ConnectTableViewController.swift in Sources */ = {isa = PBXBuildFile; fileRef = C02169F61E3E374C00BCA625 /* ConnectTableViewController.swift */; };
		C02169F91E3E377800BCA625 /* ContactTableViewController.swift in Sources */ = {isa = PBXBuildFile; fileRef = C02169F81E3E377800BCA625 /* ContactTableViewController.swift */; };
		C02169FB1E3E379800BCA625 /* UserDataTableViewController.swift in Sources */ = {isa = PBXBuildFile; fileRef = C02169FA1E3E379800BCA625 /* UserDataTableViewController.swift */; };
		C03300A61E44DE0000526F7E /* LoadingAnimation.swift in Sources */ = {isa = PBXBuildFile; fileRef = C03300A51E44DE0000526F7E /* LoadingAnimation.swift */; };
		C03D3F0F1E40DEC1005F5E76 /* FirstNameRegistrationTableViewController.swift in Sources */ = {isa = PBXBuildFile; fileRef = C03D3F0E1E40DEC1005F5E76 /* FirstNameRegistrationTableViewController.swift */; };
		C03D3F111E40E22E005F5E76 /* LandingPageTableViewController.swift in Sources */ = {isa = PBXBuildFile; fileRef = C03D3F101E40E22E005F5E76 /* LandingPageTableViewController.swift */; };
		C0A59C691E3E532200D41669 /* LoginTableViewController.swift in Sources */ = {isa = PBXBuildFile; fileRef = C0A59C681E3E532200D41669 /* LoginTableViewController.swift */; };
		C0A59C6D1E3E5B3E00D41669 /* EntranceNavigationController.swift in Sources */ = {isa = PBXBuildFile; fileRef = C0A59C6C1E3E5B3E00D41669 /* EntranceNavigationController.swift */; };
		C0A59C701E407E9D00D41669 /* MessengerClass.swift in Sources */ = {isa = PBXBuildFile; fileRef = C0A59C6F1E407E9D00D41669 /* MessengerClass.swift */; };
		D0B8B11D3239515818B82F8F /* Pods_Sangoo_01_01.framework in Frameworks */ = {isa = PBXBuildFile; fileRef = 8C60C44AA55374ED04D244AE /* Pods_Sangoo_01_01.framework */; };
/* End PBXBuildFile section */

/* Begin PBXFileReference section */
		8C60C44AA55374ED04D244AE /* Pods_Sangoo_01_01.framework */ = {isa = PBXFileReference; explicitFileType = wrapper.framework; includeInIndex = 0; path = Pods_Sangoo_01_01.framework; sourceTree = BUILT_PRODUCTS_DIR; };
		C00771AA1E41011300BB5D47 /* FinalRegisterTableViewController.swift */ = {isa = PBXFileReference; fileEncoding = 4; lastKnownFileType = sourcecode.swift; path = FinalRegisterTableViewController.swift; sourceTree = "<group>"; };
		C00771AC1E4105F000BB5D47 /* LastNameRegistrationTableViewController.swift */ = {isa = PBXFileReference; fileEncoding = 4; lastKnownFileType = sourcecode.swift; path = LastNameRegistrationTableViewController.swift; sourceTree = "<group>"; };
		C00771B01E410D1800BB5D47 /* UIRegistration.swift */ = {isa = PBXFileReference; fileEncoding = 4; lastKnownFileType = sourcecode.swift; path = UIRegistration.swift; sourceTree = "<group>"; };
		C00F87851E41EFBA0082E28E /* PhoneRegistrationTableViewController.swift */ = {isa = PBXFileReference; fileEncoding = 4; lastKnownFileType = sourcecode.swift; path = PhoneRegistrationTableViewController.swift; sourceTree = "<group>"; };
		C00F87871E41EFDF0082E28E /* UsernameRegistrationTableViewController.swift */ = {isa = PBXFileReference; fileEncoding = 4; lastKnownFileType = sourcecode.swift; path = UsernameRegistrationTableViewController.swift; sourceTree = "<group>"; };
		C00F87891E41EFFB0082E28E /* PasswordRegistrationTableViewController.swift */ = {isa = PBXFileReference; fileEncoding = 4; lastKnownFileType = sourcecode.swift; path = PasswordRegistrationTableViewController.swift; sourceTree = "<group>"; };
		C00F878B1E41F1FA0082E28E /* EmailRegistrationTableViewController.swift */ = {isa = PBXFileReference; fileEncoding = 4; lastKnownFileType = sourcecode.swift; path = EmailRegistrationTableViewController.swift; sourceTree = "<group>"; };
		C00F878D1E41F3C30082E28E /* DbClasses.swift */ = {isa = PBXFileReference; fileEncoding = 4; lastKnownFileType = sourcecode.swift; path = DbClasses.swift; sourceTree = "<group>"; };
		C02169DF1E3E2F6300BCA625 /* Sangoo_01_01.app */ = {isa = PBXFileReference; explicitFileType = wrapper.application; includeInIndex = 0; path = Sangoo_01_01.app; sourceTree = BUILT_PRODUCTS_DIR; };
		C02169E21E3E2F6300BCA625 /* AppDelegate.swift */ = {isa = PBXFileReference; lastKnownFileType = sourcecode.swift; path = AppDelegate.swift; sourceTree = "<group>"; };
		C02169E91E3E2F6400BCA625 /* Assets.xcassets */ = {isa = PBXFileReference; lastKnownFileType = folder.assetcatalog; path = Assets.xcassets; sourceTree = "<group>"; };
		C02169EE1E3E2F6400BCA625 /* Info.plist */ = {isa = PBXFileReference; lastKnownFileType = text.plist.xml; path = Info.plist; sourceTree = "<group>"; };
		C02169F41E3E33BE00BCA625 /* CustomTabBarController.swift */ = {isa = PBXFileReference; fileEncoding = 4; lastKnownFileType = sourcecode.swift; path = CustomTabBarController.swift; sourceTree = "<group>"; };
		C02169F61E3E374C00BCA625 /* ConnectTableViewController.swift */ = {isa = PBXFileReference; fileEncoding = 4; lastKnownFileType = sourcecode.swift; path = ConnectTableViewController.swift; sourceTree = "<group>"; };
		C02169F81E3E377800BCA625 /* ContactTableViewController.swift */ = {isa = PBXFileReference; fileEncoding = 4; lastKnownFileType = sourcecode.swift; path = ContactTableViewController.swift; sourceTree = "<group>"; };
		C02169FA1E3E379800BCA625 /* UserDataTableViewController.swift */ = {isa = PBXFileReference; fileEncoding = 4; lastKnownFileType = sourcecode.swift; path = UserDataTableViewController.swift; sourceTree = "<group>"; };
		C03300A51E44DE0000526F7E /* LoadingAnimation.swift */ = {isa = PBXFileReference; fileEncoding = 4; lastKnownFileType = sourcecode.swift; path = LoadingAnimation.swift; sourceTree = "<group>"; };
		C03D3F0E1E40DEC1005F5E76 /* FirstNameRegistrationTableViewController.swift */ = {isa = PBXFileReference; fileEncoding = 4; lastKnownFileType = sourcecode.swift; path = FirstNameRegistrationTableViewController.swift; sourceTree = "<group>"; };
		C03D3F101E40E22E005F5E76 /* LandingPageTableViewController.swift */ = {isa = PBXFileReference; fileEncoding = 4; lastKnownFileType = sourcecode.swift; path = LandingPageTableViewController.swift; sourceTree = "<group>"; };
		C05AE9621E3E3CE90082DF35 /* Sangoo_01_01.entitlements */ = {isa = PBXFileReference; lastKnownFileType = text.plist.entitlements; path = Sangoo_01_01.entitlements; sourceTree = "<group>"; };
		C0A59C681E3E532200D41669 /* LoginTableViewController.swift */ = {isa = PBXFileReference; fileEncoding = 4; lastKnownFileType = sourcecode.swift; path = LoginTableViewController.swift; sourceTree = "<group>"; };
		C0A59C6C1E3E5B3E00D41669 /* EntranceNavigationController.swift */ = {isa = PBXFileReference; fileEncoding = 4; lastKnownFileType = sourcecode.swift; path = EntranceNavigationController.swift; sourceTree = "<group>"; };
		C0A59C6F1E407E9D00D41669 /* MessengerClass.swift */ = {isa = PBXFileReference; fileEncoding = 4; lastKnownFileType = sourcecode.swift; path = MessengerClass.swift; sourceTree = "<group>"; };
		C2A3942C8A70E9618D4275F9 /* Pods-Sangoo_01_01.debug.xcconfig */ = {isa = PBXFileReference; includeInIndex = 1; lastKnownFileType = text.xcconfig; name = "Pods-Sangoo_01_01.debug.xcconfig"; path = "Sangoo_01_01/Pods/Target Support Files/Pods-Sangoo_01_01/Pods-Sangoo_01_01.debug.xcconfig"; sourceTree = "<group>"; };
		E3770501118B713A431347DF /* Pods-Sangoo_01_01.release.xcconfig */ = {isa = PBXFileReference; includeInIndex = 1; lastKnownFileType = text.xcconfig; name = "Pods-Sangoo_01_01.release.xcconfig"; path = "Sangoo_01_01/Pods/Target Support Files/Pods-Sangoo_01_01/Pods-Sangoo_01_01.release.xcconfig"; sourceTree = "<group>"; };
/* End PBXFileReference section */

/* Begin PBXFrameworksBuildPhase section */
		C02169DC1E3E2F6300BCA625 /* Frameworks */ = {
			isa = PBXFrameworksBuildPhase;
			buildActionMask = 2147483647;
			files = (
				D0B8B11D3239515818B82F8F /* Pods_Sangoo_01_01.framework in Frameworks */,
			);
			runOnlyForDeploymentPostprocessing = 0;
		};
/* End PBXFrameworksBuildPhase section */

/* Begin PBXGroup section */
		393154A74AC20DC3E780C0FA /* Frameworks */ = {
			isa = PBXGroup;
			children = (
				8C60C44AA55374ED04D244AE /* Pods_Sangoo_01_01.framework */,
			);
			name = Frameworks;
			sourceTree = "<group>";
		};
		7395AC8EFA60A00D8F6E56F1 /* Pods */ = {
			isa = PBXGroup;
			children = (
				C2A3942C8A70E9618D4275F9 /* Pods-Sangoo_01_01.debug.xcconfig */,
				E3770501118B713A431347DF /* Pods-Sangoo_01_01.release.xcconfig */,
			);
			name = Pods;
			sourceTree = "<group>";
		};
		C00771AF1E41062B00BB5D47 /* Registration */ = {
			isa = PBXGroup;
			children = (
				C03D3F0E1E40DEC1005F5E76 /* FirstNameRegistrationTableViewController.swift */,
				C00771AC1E4105F000BB5D47 /* LastNameRegistrationTableViewController.swift */,
				C00F878B1E41F1FA0082E28E /* EmailRegistrationTableViewController.swift */,
				C00F87851E41EFBA0082E28E /* PhoneRegistrationTableViewController.swift */,
				C00F87871E41EFDF0082E28E /* UsernameRegistrationTableViewController.swift */,
				C00F87891E41EFFB0082E28E /* PasswordRegistrationTableViewController.swift */,
				C00771AA1E41011300BB5D47 /* FinalRegisterTableViewController.swift */,
			);
			name = Registration;
			sourceTree = "<group>";
		};
		C02169D61E3E2F6300BCA625 = {
			isa = PBXGroup;
			children = (
				C02169E11E3E2F6300BCA625 /* Sangoo_01_01 */,
				C02169E01E3E2F6300BCA625 /* Products */,
				7395AC8EFA60A00D8F6E56F1 /* Pods */,
				393154A74AC20DC3E780C0FA /* Frameworks */,
			);
			sourceTree = "<group>";
		};
		C02169E01E3E2F6300BCA625 /* Products */ = {
			isa = PBXGroup;
			children = (
				C02169DF1E3E2F6300BCA625 /* Sangoo_01_01.app */,
			);
			name = Products;
			sourceTree = "<group>";
		};
		C02169E11E3E2F6300BCA625 /* Sangoo_01_01 */ = {
			isa = PBXGroup;
			children = (
				C05AE9621E3E3CE90082DF35 /* Sangoo_01_01.entitlements */,
				C02169E21E3E2F6300BCA625 /* AppDelegate.swift */,
				C02169E91E3E2F6400BCA625 /* Assets.xcassets */,
				C02169EE1E3E2F6400BCA625 /* Info.plist */,
				C0A59C6E1E407E6300D41669 /* ViewController */,
				C02169F41E3E33BE00BCA625 /* CustomTabBarController.swift */,
				C0A59C6C1E3E5B3E00D41669 /* EntranceNavigationController.swift */,
				C03D3F141E40E746005F5E76 /* Helper */,
			);
			path = Sangoo_01_01;
			sourceTree = "<group>";
		};
		C03D3F141E40E746005F5E76 /* Helper */ = {
			isa = PBXGroup;
			children = (
				C0A59C6F1E407E9D00D41669 /* MessengerClass.swift */,
				C00F878D1E41F3C30082E28E /* DbClasses.swift */,
				C00771B01E410D1800BB5D47 /* UIRegistration.swift */,
				C03300A51E44DE0000526F7E /* LoadingAnimation.swift */,
			);
			name = Helper;
			sourceTree = "<group>";
		};
		C0A59C6E1E407E6300D41669 /* ViewController */ = {
			isa = PBXGroup;
			children = (
				C02169F61E3E374C00BCA625 /* ConnectTableViewController.swift */,
				C02169F81E3E377800BCA625 /* ContactTableViewController.swift */,
				C02169FA1E3E379800BCA625 /* UserDataTableViewController.swift */,
				C0A59C681E3E532200D41669 /* LoginTableViewController.swift */,
				C00771AF1E41062B00BB5D47 /* Registration */,
				C03D3F101E40E22E005F5E76 /* LandingPageTableViewController.swift */,
			);
			name = ViewController;
			sourceTree = "<group>";
		};
/* End PBXGroup section */

/* Begin PBXNativeTarget section */
		C02169DE1E3E2F6300BCA625 /* Sangoo_01_01 */ = {
			isa = PBXNativeTarget;
			buildConfigurationList = C02169F11E3E2F6400BCA625 /* Build configuration list for PBXNativeTarget "Sangoo_01_01" */;
			buildPhases = (
				088CA5549E0CB1D34F0D8443 /* [CP] Check Pods Manifest.lock */,
				C02169DB1E3E2F6300BCA625 /* Sources */,
				C02169DC1E3E2F6300BCA625 /* Frameworks */,
				C02169DD1E3E2F6300BCA625 /* Resources */,
				940952B7F07C4639AF470F1D /* [CP] Embed Pods Frameworks */,
				25AD89B771F3A7DB5F049CC1 /* [CP] Copy Pods Resources */,
			);
			buildRules = (
			);
			dependencies = (
			);
			name = Sangoo_01_01;
			productName = Sangoo_01_01;
			productReference = C02169DF1E3E2F6300BCA625 /* Sangoo_01_01.app */;
			productType = "com.apple.product-type.application";
		};
/* End PBXNativeTarget section */

/* Begin PBXProject section */
		C02169D71E3E2F6300BCA625 /* Project object */ = {
			isa = PBXProject;
			attributes = {
				LastSwiftUpdateCheck = 0810;
				LastUpgradeCheck = 0810;
				ORGANIZATIONNAME = Florenz;
				TargetAttributes = {
					C02169DE1E3E2F6300BCA625 = {
						CreatedOnToolsVersion = 8.1;
						DevelopmentTeam = 76585C57A3;
						ProvisioningStyle = Automatic;
						SystemCapabilities = {
							com.apple.Keychain = {
								enabled = 1;
							};
						};
					};
				};
			};
			buildConfigurationList = C02169DA1E3E2F6300BCA625 /* Build configuration list for PBXProject "Sangoo_01_01" */;
			compatibilityVersion = "Xcode 3.2";
			developmentRegion = English;
			hasScannedForEncodings = 0;
			knownRegions = (
				en,
				Base,
			);
			mainGroup = C02169D61E3E2F6300BCA625;
			productRefGroup = C02169E01E3E2F6300BCA625 /* Products */;
			projectDirPath = "";
			projectRoot = "";
			targets = (
				C02169DE1E3E2F6300BCA625 /* Sangoo_01_01 */,
			);
		};
/* End PBXProject section */

/* Begin PBXResourcesBuildPhase section */
		C02169DD1E3E2F6300BCA625 /* Resources */ = {
			isa = PBXResourcesBuildPhase;
			buildActionMask = 2147483647;
			files = (
				C02169EA1E3E2F6400BCA625 /* Assets.xcassets in Resources */,
			);
			runOnlyForDeploymentPostprocessing = 0;
		};
/* End PBXResourcesBuildPhase section */

/* Begin PBXShellScriptBuildPhase section */
		088CA5549E0CB1D34F0D8443 /* [CP] Check Pods Manifest.lock */ = {
			isa = PBXShellScriptBuildPhase;
			buildActionMask = 2147483647;
			files = (
			);
			inputPaths = (
			);
			name = "[CP] Check Pods Manifest.lock";
			outputPaths = (
			);
			runOnlyForDeploymentPostprocessing = 0;
			shellPath = /bin/sh;
			shellScript = "diff \"${PODS_ROOT}/../Podfile.lock\" \"${PODS_ROOT}/Manifest.lock\" > /dev/null\nif [ $? != 0 ] ; then\n    # print error to STDERR\n    echo \"error: The sandbox is not in sync with the Podfile.lock. Run 'pod install' or update your CocoaPods installation.\" >&2\n    exit 1\nfi\n";
			showEnvVarsInLog = 0;
		};
		25AD89B771F3A7DB5F049CC1 /* [CP] Copy Pods Resources */ = {
			isa = PBXShellScriptBuildPhase;
			buildActionMask = 2147483647;
			files = (
			);
			inputPaths = (
			);
			name = "[CP] Copy Pods Resources";
			outputPaths = (
			);
			runOnlyForDeploymentPostprocessing = 0;
			shellPath = /bin/sh;
			shellScript = "\"${SRCROOT}/Sangoo_01_01/Pods/Target Support Files/Pods-Sangoo_01_01/Pods-Sangoo_01_01-resources.sh\"\n";
			showEnvVarsInLog = 0;
		};
		940952B7F07C4639AF470F1D /* [CP] Embed Pods Frameworks */ = {
			isa = PBXShellScriptBuildPhase;
			buildActionMask = 2147483647;
			files = (
			);
			inputPaths = (
			);
			name = "[CP] Embed Pods Frameworks";
			outputPaths = (
			);
			runOnlyForDeploymentPostprocessing = 0;
			shellPath = /bin/sh;
			shellScript = "\"${SRCROOT}/Sangoo_01_01/Pods/Target Support Files/Pods-Sangoo_01_01/Pods-Sangoo_01_01-frameworks.sh\"\n";
			showEnvVarsInLog = 0;
		};
/* End PBXShellScriptBuildPhase section */

/* Begin PBXSourcesBuildPhase section */
		C02169DB1E3E2F6300BCA625 /* Sources */ = {
			isa = PBXSourcesBuildPhase;
			buildActionMask = 2147483647;
			files = (
				C03D3F0F1E40DEC1005F5E76 /* FirstNameRegistrationTableViewController.swift in Sources */,
				C02169FB1E3E379800BCA625 /* UserDataTableViewController.swift in Sources */,
				C00F878E1E41F3C30082E28E /* DbClasses.swift in Sources */,
				C0A59C701E407E9D00D41669 /* MessengerClass.swift in Sources */,
				C00771AB1E41011300BB5D47 /* FinalRegisterTableViewController.swift in Sources */,
				C03300A61E44DE0000526F7E /* LoadingAnimation.swift in Sources */,
				C00F87881E41EFDF0082E28E /* UsernameRegistrationTableViewController.swift in Sources */,
				C02169F71E3E374C00BCA625 /* ConnectTableViewController.swift in Sources */,
				C02169F91E3E377800BCA625 /* ContactTableViewController.swift in Sources */,
				C02169F51E3E33BE00BCA625 /* CustomTabBarController.swift in Sources */,
				C0A59C6D1E3E5B3E00D41669 /* EntranceNavigationController.swift in Sources */,
				C02169E31E3E2F6300BCA625 /* AppDelegate.swift in Sources */,
				C03D3F111E40E22E005F5E76 /* LandingPageTableViewController.swift in Sources */,
				C00F878C1E41F1FA0082E28E /* EmailRegistrationTableViewController.swift in Sources */,
				C00771B11E410D1800BB5D47 /* UIRegistration.swift in Sources */,
				C0A59C691E3E532200D41669 /* LoginTableViewController.swift in Sources */,
				C00F878A1E41EFFB0082E28E /* PasswordRegistrationTableViewController.swift in Sources */,
				C00771AD1E4105F000BB5D47 /* LastNameRegistrationTableViewController.swift in Sources */,
				C00F87861E41EFBA0082E28E /* PhoneRegistrationTableViewController.swift in Sources */,
			);
			runOnlyForDeploymentPostprocessing = 0;
		};
/* End PBXSourcesBuildPhase section */

/* Begin XCBuildConfiguration section */
		C02169EF1E3E2F6400BCA625 /* Debug */ = {
			isa = XCBuildConfiguration;
			buildSettings = {
				ALWAYS_SEARCH_USER_PATHS = NO;
				CLANG_ANALYZER_NONNULL = YES;
				CLANG_CXX_LANGUAGE_STANDARD = "gnu++0x";
				CLANG_CXX_LIBRARY = "libc++";
				CLANG_ENABLE_MODULES = YES;
				CLANG_ENABLE_OBJC_ARC = YES;
				CLANG_WARN_BOOL_CONVERSION = YES;
				CLANG_WARN_CONSTANT_CONVERSION = YES;
				CLANG_WARN_DIRECT_OBJC_ISA_USAGE = YES_ERROR;
				CLANG_WARN_DOCUMENTATION_COMMENTS = YES;
				CLANG_WARN_EMPTY_BODY = YES;
				CLANG_WARN_ENUM_CONVERSION = YES;
				CLANG_WARN_INFINITE_RECURSION = YES;
				CLANG_WARN_INT_CONVERSION = YES;
				CLANG_WARN_OBJC_ROOT_CLASS = YES_ERROR;
				CLANG_WARN_SUSPICIOUS_MOVES = YES;
				CLANG_WARN_UNREACHABLE_CODE = YES;
				CLANG_WARN__DUPLICATE_METHOD_MATCH = YES;
				"CODE_SIGN_IDENTITY[sdk=iphoneos*]" = "iPhone Developer";
				COPY_PHASE_STRIP = NO;
				DEBUG_INFORMATION_FORMAT = dwarf;
				ENABLE_STRICT_OBJC_MSGSEND = YES;
				ENABLE_TESTABILITY = YES;
				GCC_C_LANGUAGE_STANDARD = gnu99;
				GCC_DYNAMIC_NO_PIC = NO;
				GCC_NO_COMMON_BLOCKS = YES;
				GCC_OPTIMIZATION_LEVEL = 0;
				GCC_PREPROCESSOR_DEFINITIONS = (
					"DEBUG=1",
					"$(inherited)",
				);
				GCC_WARN_64_TO_32_BIT_CONVERSION = YES;
				GCC_WARN_ABOUT_RETURN_TYPE = YES_ERROR;
				GCC_WARN_UNDECLARED_SELECTOR = YES;
				GCC_WARN_UNINITIALIZED_AUTOS = YES_AGGRESSIVE;
				GCC_WARN_UNUSED_FUNCTION = YES;
				GCC_WARN_UNUSED_VARIABLE = YES;
				IPHONEOS_DEPLOYMENT_TARGET = 8.0;
				MTL_ENABLE_DEBUG_INFO = YES;
				ONLY_ACTIVE_ARCH = YES;
				SDKROOT = iphoneos;
				SWIFT_ACTIVE_COMPILATION_CONDITIONS = DEBUG;
				SWIFT_OPTIMIZATION_LEVEL = "-Onone";
				TARGETED_DEVICE_FAMILY = "1,2";
			};
			name = Debug;
		};
		C02169F01E3E2F6400BCA625 /* Release */ = {
			isa = XCBuildConfiguration;
			buildSettings = {
				ALWAYS_SEARCH_USER_PATHS = NO;
				CLANG_ANALYZER_NONNULL = YES;
				CLANG_CXX_LANGUAGE_STANDARD = "gnu++0x";
				CLANG_CXX_LIBRARY = "libc++";
				CLANG_ENABLE_MODULES = YES;
				CLANG_ENABLE_OBJC_ARC = YES;
				CLANG_WARN_BOOL_CONVERSION = YES;
				CLANG_WARN_CONSTANT_CONVERSION = YES;
				CLANG_WARN_DIRECT_OBJC_ISA_USAGE = YES_ERROR;
				CLANG_WARN_DOCUMENTATION_COMMENTS = YES;
				CLANG_WARN_EMPTY_BODY = YES;
				CLANG_WARN_ENUM_CONVERSION = YES;
				CLANG_WARN_INFINITE_RECURSION = YES;
				CLANG_WARN_INT_CONVERSION = YES;
				CLANG_WARN_OBJC_ROOT_CLASS = YES_ERROR;
				CLANG_WARN_SUSPICIOUS_MOVES = YES;
				CLANG_WARN_UNREACHABLE_CODE = YES;
				CLANG_WARN__DUPLICATE_METHOD_MATCH = YES;
				"CODE_SIGN_IDENTITY[sdk=iphoneos*]" = "iPhone Developer";
				COPY_PHASE_STRIP = NO;
				DEBUG_INFORMATION_FORMAT = "dwarf-with-dsym";
				ENABLE_NS_ASSERTIONS = NO;
				ENABLE_STRICT_OBJC_MSGSEND = YES;
				GCC_C_LANGUAGE_STANDARD = gnu99;
				GCC_NO_COMMON_BLOCKS = YES;
				GCC_WARN_64_TO_32_BIT_CONVERSION = YES;
				GCC_WARN_ABOUT_RETURN_TYPE = YES_ERROR;
				GCC_WARN_UNDECLARED_SELECTOR = YES;
				GCC_WARN_UNINITIALIZED_AUTOS = YES_AGGRESSIVE;
				GCC_WARN_UNUSED_FUNCTION = YES;
				GCC_WARN_UNUSED_VARIABLE = YES;
				IPHONEOS_DEPLOYMENT_TARGET = 8.0;
				MTL_ENABLE_DEBUG_INFO = NO;
				SDKROOT = iphoneos;
				SWIFT_OPTIMIZATION_LEVEL = "-Owholemodule";
				TARGETED_DEVICE_FAMILY = "1,2";
				VALIDATE_PRODUCT = YES;
			};
			name = Release;
		};
		C02169F21E3E2F6400BCA625 /* Debug */ = {
			isa = XCBuildConfiguration;
			baseConfigurationReference = C2A3942C8A70E9618D4275F9 /* Pods-Sangoo_01_01.debug.xcconfig */;
			buildSettings = {
				ASSETCATALOG_COMPILER_APPICON_NAME = AppIcon;
				CODE_SIGN_ENTITLEMENTS = Sangoo_01_01/Sangoo_01_01.entitlements;
				DEVELOPMENT_TEAM = 76585C57A3;
				INFOPLIST_FILE = Sangoo_01_01/Info.plist;
				IPHONEOS_DEPLOYMENT_TARGET = 9.3;
				LD_RUNPATH_SEARCH_PATHS = "$(inherited) @executable_path/Frameworks";
				PRODUCT_BUNDLE_IDENTIFIER = "de.florenzerstling.Sangoo-01-01";
				PRODUCT_NAME = "$(TARGET_NAME)";
				SWIFT_VERSION = 3.0;
			};
			name = Debug;
		};
		C02169F31E3E2F6400BCA625 /* Release */ = {
			isa = XCBuildConfiguration;
			baseConfigurationReference = E3770501118B713A431347DF /* Pods-Sangoo_01_01.release.xcconfig */;
			buildSettings = {
				ASSETCATALOG_COMPILER_APPICON_NAME = AppIcon;
				CODE_SIGN_ENTITLEMENTS = Sangoo_01_01/Sangoo_01_01.entitlements;
				DEVELOPMENT_TEAM = 76585C57A3;
				INFOPLIST_FILE = Sangoo_01_01/Info.plist;
				IPHONEOS_DEPLOYMENT_TARGET = 9.3;
				LD_RUNPATH_SEARCH_PATHS = "$(inherited) @executable_path/Frameworks";
				PRODUCT_BUNDLE_IDENTIFIER = "de.florenzerstling.Sangoo-01-01";
				PRODUCT_NAME = "$(TARGET_NAME)";
				SWIFT_VERSION = 3.0;
			};
			name = Release;
		};
/* End XCBuildConfiguration section */

/* Begin XCConfigurationList section */
		C02169DA1E3E2F6300BCA625 /* Build configuration list for PBXProject "Sangoo_01_01" */ = {
			isa = XCConfigurationList;
			buildConfigurations = (
				C02169EF1E3E2F6400BCA625 /* Debug */,
				C02169F01E3E2F6400BCA625 /* Release */,
			);
			defaultConfigurationIsVisible = 0;
			defaultConfigurationName = Release;
		};
		C02169F11E3E2F6400BCA625 /* Build configuration list for PBXNativeTarget "Sangoo_01_01" */ = {
			isa = XCConfigurationList;
			buildConfigurations = (
				C02169F21E3E2F6400BCA625 /* Debug */,
				C02169F31E3E2F6400BCA625 /* Release */,
			);
			defaultConfigurationIsVisible = 0;
			defaultConfigurationName = Release;
		};
/* End XCConfigurationList section */
	};
	rootObject = C02169D71E3E2F6300BCA625 /* Project object */;
}
